{
  "name": "munichclimbs",
  "lockfileVersion": 2,
  "requires": true,
  "packages": {
    "": {
      "dependencies": {
        "mdb-ui-kit": "git+https://oauth2:PZXxmv384tZzqP3jkmYs@git.mdbootstrap.com/mdb/standard/mdb-ui-kit-pro-advanced.git"
      }
    },
    "node_modules/mdb-ui-kit": {
      "version": "4.2.0",
      "resolved": "git+https://oauth2:PZXxmv384tZzqP3jkmYs@git.mdbootstrap.com/mdb/standard/mdb-ui-kit-pro-advanced.git#60bd463937b2f7efd37a59a9b1e6829da1472e6f",
      "license": "SEE LICENSE IN <License.pdf>"
    }
  },
  "dependencies": {
    "mdb-ui-kit": {
      "version": "git+https://oauth2:PZXxmv384tZzqP3jkmYs@git.mdbootstrap.com/mdb/standard/mdb-ui-kit-pro-advanced.git#60bd463937b2f7efd37a59a9b1e6829da1472e6f",
      "from": "mdb-ui-kit@git+https://oauth2:PZXxmv384tZzqP3jkmYs@git.mdbootstrap.com/mdb/standard/mdb-ui-kit-pro-advanced.git"
    }
  }
}
